<?xml version="1.0" encoding="utf-8"?>
<Project ToolsVersion="4.0" xmlns="http://schemas.microsoft.com/developer/msbuild/2003">
  <ItemGroup>
    <Filter Include="Math">
      <UniqueIdentifier>{687091c3-f754-40f8-a8c4-0bfd34c599a0}</UniqueIdentifier>
    </Filter>
    <Filter Include="Timing">
      <UniqueIdentifier>{c2bd4310-b5a5-4665-8422-4702214d3eca}</UniqueIdentifier>
    </Filter>
  </ItemGroup>
  <ItemGroup>
    <ClInclude Include="Math\Vector2.h" />
    <ClInclude Include="Timing\Clock.h" />
    <ClInclude Include="Math\Matrix2.h" />
  </ItemGroup>
  <ItemGroup>
    <None Include="Math\Vector2.inl" />
    <None Include="Math\Matrix2.inl" />
  </ItemGroup>
  <ItemGroup>
    <ClCompile Include="Timing\Clock.cpp" />
  </ItemGroup>
</Project>